
Microsoft Visual Studio Solution File, Format Version 12.00
# Visual Studio Version 16
VisualStudioVersion = 16.0.29519.181
MinimumVisualStudioVersion = 10.0.40219.1
Project("{FAE04EC0-301F-11D3-BF4B-00C04F79EFBC}") = "CodeNation2020", "CodeNation2020\CodeNation2020.csproj", "{1697AF32-4F4C-4D9C-8497-5F2F91402D22}"
EndProject
Global
	GlobalSection(SolutionConfigurationPlatforms) = preSolution
		Debug|Any CPU = Debug|Any CPU
		Release|Any CPU = Release|Any CPU
	EndGlobalSection
	GlobalSection(ProjectConfigurationPlatforms) = postSolution
		{1697AF32-4F4C-4D9C-8497-5F2F91402D22}.Debug|Any CPU.ActiveCfg = Debug|Any CPU
		{1697AF32-4F4C-4D9C-8497-5F2F91402D22}.Debug|Any CPU.Build.0 = Debug|Any CPU
		{1697AF32-4F4C-4D9C-8497-5F2F91402D22}.Release|Any CPU.ActiveCfg = Release|Any CPU
		{1697AF32-4F4C-4D9C-8497-5F2F91402D22}.Release|Any CPU.Build.0 = Release|Any CPU
	EndGlobalSection
	GlobalSection(SolutionProperties) = preSolution
		HideSolutionNode = FALSE
	EndGlobalSection
	GlobalSection(ExtensibilityGlobals) = postSolution
		SolutionGuid = {3B65FA34-1384-4EDA-A321-F8D3BC8CAB3E}
	EndGlobalSection
EndGlobal
